PODS:
  - Bolts (1.9.0):
    - Bolts/AppLinks (= 1.9.0)
    - Bolts/Tasks (= 1.9.0)
  - Bolts/AppLinks (1.9.0):
    - Bolts/Tasks
  - Bolts/Tasks (1.9.0)
  - FBSDKCoreKit (4.31.1):
    - Bolts (~> 1.7)
  - FBSDKLoginKit (4.31.1):
    - FBSDKCoreKit
  - Firebase/Auth (4.10.1):
    - Firebase/Core
    - FirebaseAuth (= 4.4.4)
  - Firebase/Core (4.10.1):
    - FirebaseAnalytics (= 4.1.0)
    - FirebaseCore (= 4.0.17)
  - Firebase/Messaging (4.10.1):
    - Firebase/Core
    - FirebaseMessaging (= 2.1.1)
  - firebase_auth (0.0.1):
    - Firebase/Auth
    - Firebase/Core
    - Flutter
  - firebase_messaging (0.0.1):
    - Firebase/Core
    - Firebase/Messaging
    - Flutter
  - FirebaseAnalytics (4.1.0):
    - FirebaseCore (~> 4.0)
    - FirebaseInstanceID (~> 2.0)
    - GoogleToolboxForMac/NSData+zlib (~> 2.1)
    - nanopb (~> 0.3)
  - FirebaseAuth (4.4.4):
    - FirebaseAnalytics (~> 4.1)
    - GoogleToolboxForMac/NSDictionary+URLArguments (~> 2.1)
    - GTMSessionFetcher/Core (~> 1.1)
  - FirebaseCore (4.0.17):
    - GoogleToolboxForMac/NSData+zlib (~> 2.1)
  - FirebaseInstanceID (2.0.9):
    - FirebaseCore (~> 4.0)
  - FirebaseMessaging (2.1.1):
    - FirebaseAnalytics (~> 4.1)
    - FirebaseCore (~> 4.0)
    - FirebaseInstanceID (~> 2.0)
    - GoogleToolboxForMac/Logger (~> 2.1)
    - Protobuf (~> 3.5)
  - Flutter (1.0.0)
  - flutter_facebook_login (0.0.1):
    - FBSDKLoginKit (~> 4.29)
    - Flutter
  - flutter_webview_plugin (0.0.1):
    - Flutter
  - google_sign_in (0.0.1):
    - Flutter
    - GoogleSignIn (~> 4.0)
  - GoogleSignIn (4.1.2):
    - GoogleToolboxForMac/NSDictionary+URLArguments (~> 2.1)
    - GoogleToolboxForMac/NSString+URLArguments (~> 2.1)
    - GTMOAuth2 (~> 1.0)
    - GTMSessionFetcher/Core (~> 1.1)
  - GoogleToolboxForMac/DebugUtils (2.1.3):
    - GoogleToolboxForMac/Defines (= 2.1.3)
  - GoogleToolboxForMac/Defines (2.1.3)
  - GoogleToolboxForMac/Logger (2.1.3):
    - GoogleToolboxForMac/Defines (= 2.1.3)
  - GoogleToolboxForMac/NSData+zlib (2.1.3):
    - GoogleToolboxForMac/Defines (= 2.1.3)
  - GoogleToolboxForMac/NSDictionary+URLArguments (2.1.3):
    - GoogleToolboxForMac/DebugUtils (= 2.1.3)
    - GoogleToolboxForMac/Defines (= 2.1.3)
    - GoogleToolboxForMac/NSString+URLArguments (= 2.1.3)
  - GoogleToolboxForMac/NSString+URLArguments (2.1.3)
  - GTMOAuth2 (1.1.6):
    - GTMSessionFetcher (~> 1.1)
  - GTMSessionFetcher (1.1.14):
    - GTMSessionFetcher/Full (= 1.1.14)
  - GTMSessionFetcher/Core (1.1.14)
  - GTMSessionFetcher/Full (1.1.14):
    - GTMSessionFetcher/Core (= 1.1.14)
  - image_picker (0.0.1):
    - Flutter
  - location (0.0.1):
    - Flutter
  - nanopb (0.3.8):
    - nanopb/decode (= 0.3.8)
    - nanopb/encode (= 0.3.8)
  - nanopb/decode (0.3.8)
  - nanopb/encode (0.3.8)
  - Protobuf (3.5.0)

DEPENDENCIES:
  - firebase_auth (from `Pods/.symlinks/plugins/firebase_auth-0.5.1/ios`)
  - firebase_messaging (from `Pods/.symlinks/plugins/firebase_messaging-0.2.0/ios`)
  - Flutter (from `Pods/.symlinks/flutter/ios`)
  - flutter_facebook_login (from `Pods/.symlinks/plugins/flutter_facebook_login-1.0.3/ios`)
  - flutter_webview_plugin (from `Pods/.symlinks/plugins/flutter_webview_plugin-0.1.3/ios`)
  - google_sign_in (from `Pods/.symlinks/plugins/google_sign_in-3.0.0/ios`)
  - image_picker (from `Pods/.symlinks/plugins/image_picker-0.3.1/ios`)
  - location (from `Pods/.symlinks/plugins/location-1.1.7/ios`)

EXTERNAL SOURCES:
  firebase_auth:
    :path: Pods/.symlinks/plugins/firebase_auth-0.5.1/ios
  firebase_messaging:
    :path: Pods/.symlinks/plugins/firebase_messaging-0.2.0/ios
  Flutter:
    :path: Pods/.symlinks/flutter/ios
  flutter_facebook_login:
    :path: Pods/.symlinks/plugins/flutter_facebook_login-1.0.3/ios
  flutter_webview_plugin:
    :path: Pods/.symlinks/plugins/flutter_webview_plugin-0.1.3/ios
  google_sign_in:
    :path: Pods/.symlinks/plugins/google_sign_in-3.0.0/ios
  image_picker:
    :path: Pods/.symlinks/plugins/image_picker-0.3.1/ios
  location:
    :path: Pods/.symlinks/plugins/location-1.1.7/ios

SPEC CHECKSUMS:
  Bolts: ac6567323eac61e203f6a9763667d0f711be34c8
  FBSDKCoreKit: e08ccfcefa7bc1347a07c276dac9bf6c7fe57024
  FBSDKLoginKit: 99797ac39252fef6f72600b886f6ee60b4b29cab
  Firebase: 92c6ba593e32db0defde464a9adc981d5cb49f97
  firebase_auth: 499d5bfb249606a276f6bddf292a3b2d44139f75
  firebase_messaging: cd056e1b7baf9adddec56402c3de4158aac3c5fa
  FirebaseAnalytics: 3dfae28d4a5e06f86c4fae830efc2ad3fadb19bc
  FirebaseAuth: d040bb7a9db6dfc29d0e7ec82d48be51352b2581
  FirebaseCore: 872307b001bbefda1dfa0dbfffa50a6919023d4a
  FirebaseInstanceID: d2058a35e9bebda1b6dd42486b84917bde552a9d
  FirebaseMessaging: db0e01c52ef7e1f42846431273558107d084ede4
  Flutter: 9d0fac939486c9aba2809b7982dfdbb47a7b0296
  flutter_facebook_login: e3d2f0a348889fe0f49c302bc044b8cc66c691be
  flutter_webview_plugin: 116575b48572029304775b768e9f15ebfc316274
  google_sign_in: 64523e9b42c475b01b726ff87e450425ea6d15bc
  GoogleSignIn: d9ef55b10f0aa401a5de2747f59b725e4b9732ac
  GoogleToolboxForMac: 2501e2ad72a52eb3dfe7bd9aee7dad11b858bd20
  GTMOAuth2: c77fe325e4acd453837e72d91e3b5f13116857b2
  GTMSessionFetcher: 390ea358e5a0d0133153806f744662dad933d06b
  image_picker: ee00aab0487cedc80a304085219503cc6d0f2e22
  location: 26c90953ad5916331d0d1d913898779910416487
  nanopb: 5601e6bca2dbf1ed831b519092ec110f66982ca3
  Protobuf: 8a9838fba8dae3389230e1b7f8c104aa32389c03

PODFILE CHECKSUM: 0420ab312a523ae0eecfb1fc19ea51dd82cc17c7

COCOAPODS: 1.4.0
